{
  "originHash" : "11f6b8ae5dbd10a58e5efddfdc81ab7e251ce6e196bfbdfbe74a522291dd4579",
  "pins" : [
    {
      "identity" : "errormanager",
      "kind" : "remoteSourceControl",
      "location" : "https://github.com/ernest-danials/ErrorManager",
      "state" : {
        "branch" : "main",
        "revision" : "f95f647413dad123198ece79777764c39e71919e"
      }
    },
    {
      "identity" : "portal",
      "kind" : "remoteSourceControl",
      "location" : "https://github.com/Aeastr/Portal",
      "state" : {
        "revision" : "ffeda00265e3a8cef12164348d25fef54d971e4c",
        "version" : "1.0.0"
      }
    }
  ],
  "version" : 3
}
